// !$*UTF8*$!
{
	archiveVersion = 1;
	classes = {
	};
	objectVersion = 50;
	objects = {

/* Begin PBXBuildFile section */
		FE24899C229CDD5700928207 /* AppDelegate.m in Sources */ = {isa = PBXBuildFile; fileRef = FE24899B229CDD5700928207 /* AppDelegate.m */; };
		FE24899F229CDD5700928207 /* ViewController.m in Sources */ = {isa = PBXBuildFile; fileRef = FE24899E229CDD5700928207 /* ViewController.m */; };
		FE2489A2229CDD5700928207 /* Main.storyboard in Resources */ = {isa = PBXBuildFile; fileRef = FE2489A0229CDD5700928207 /* Main.storyboard */; };
		FE2489A4229CDD5800928207 /* Assets.xcassets in Resources */ = {isa = PBXBuildFile; fileRef = FE2489A3229CDD5800928207 /* Assets.xcassets */; };
		FE2489A7229CDD5800928207 /* LaunchScreen.storyboard in Resources */ = {isa = PBXBuildFile; fileRef = FE2489A5229CDD5800928207 /* LaunchScreen.storyboard */; };
		FE2489AA229CDD5800928207 /* main.m in Sources */ = {isa = PBXBuildFile; fileRef = FE2489A9229CDD5800928207 /* main.m */; };
		FE2489B8229CDEC400928207 /* TempViewController.m in Sources */ = {isa = PBXBuildFile; fileRef = FE2489B7229CDEC400928207 /* TempViewController.m */; };
		FE2489BB229CE17700928207 /* UIViewController+BarItemHandler.m in Sources */ = {isa = PBXBuildFile; fileRef = FE2489BA229CE17700928207 /* UIViewController+BarItemHandler.m */; };
/* End PBXBuildFile section */

/* Begin PBXFileReference section */
		FE248997229CDD5700928207 /* Device_Orientation.app */ = {isa = PBXFileReference; explicitFileType = wrapper.application; includeInIndex = 0; path = Device_Orientation.app; sourceTree = BUILT_PRODUCTS_DIR; };
		FE24899A229CDD5700928207 /* AppDelegate.h */ = {isa = PBXFileReference; lastKnownFileType = sourcecode.c.h; path = AppDelegate.h; sourceTree = "<group>"; };
		FE24899B229CDD5700928207 /* AppDelegate.m */ = {isa = PBXFileReference; lastKnownFileType = sourcecode.c.objc; path = AppDelegate.m; sourceTree = "<group>"; };
		FE24899D229CDD5700928207 /* ViewController.h */ = {isa = PBXFileReference; lastKnownFileType = sourcecode.c.h; path = ViewController.h; sourceTree = "<group>"; };
		FE24899E229CDD5700928207 /* ViewController.m */ = {isa = PBXFileReference; lastKnownFileType = sourcecode.c.objc; path = ViewController.m; sourceTree = "<group>"; };
		FE2489A1229CDD5700928207 /* Base */ = {isa = PBXFileReference; lastKnownFileType = file.storyboard; name = Base; path = Base.lproj/Main.storyboard; sourceTree = "<group>"; };
		FE2489A3229CDD5800928207 /* Assets.xcassets */ = {isa = PBXFileReference; lastKnownFileType = folder.assetcatalog; path = Assets.xcassets; sourceTree = "<group>"; };
		FE2489A6229CDD5800928207 /* Base */ = {isa = PBXFileReference; lastKnownFileType = file.storyboard; name = Base; path = Base.lproj/LaunchScreen.storyboard; sourceTree = "<group>"; };
		FE2489A8229CDD5800928207 /* Info.plist */ = {isa = PBXFileReference; lastKnownFileType = text.plist.xml; path = Info.plist; sourceTree = "<group>"; };
		FE2489A9229CDD5800928207 /* main.m */ = {isa = PBXFileReference; lastKnownFileType = sourcecode.c.objc; path = main.m; sourceTree = "<group>"; };
		FE2489B6229CDEC400928207 /* TempViewController.h */ = {isa = PBXFileReference; lastKnownFileType = sourcecode.c.h; path = TempViewController.h; sourceTree = "<group>"; };
		FE2489B7229CDEC400928207 /* TempViewController.m */ = {isa = PBXFileReference; lastKnownFileType = sourcecode.c.objc; path = TempViewController.m; sourceTree = "<group>"; };
		FE2489B9229CE17700928207 /* UIViewController+BarItemHandler.h */ = {isa = PBXFileReference; lastKnownFileType = sourcecode.c.h; path = "UIViewController+BarItemHandler.h"; sourceTree = "<group>"; };
		FE2489BA229CE17700928207 /* UIViewController+BarItemHandler.m */ = {isa = PBXFileReference; lastKnownFileType = sourcecode.c.objc; path = "UIViewController+BarItemHandler.m"; sourceTree = "<group>"; };
/* End PBXFileReference section */

/* Begin PBXFrameworksBuildPhase section */
		FE248994229CDD5700928207 /* Frameworks */ = {
			isa = PBXFrameworksBuildPhase;
			buildActionMask = 2147483647;
			files = (
			);
			runOnlyForDeploymentPostprocessing = 0;
		};
/* End PBXFrameworksBuildPhase section */

/* Begin PBXGroup section */
		FE24898E229CDD5600928207 = {
			isa = PBXGroup;
			children = (
				FE248999229CDD5700928207 /* Device_Orientation */,
				FE248998229CDD5700928207 /* Products */,
			);
			sourceTree = "<group>";
		};
		FE248998229CDD5700928207 /* Products */ = {
			isa = PBXGroup;
			children = (
				FE248997229CDD5700928207 /* Device_Orientation.app */,
			);
			name = Products;
			sourceTree = "<group>";
		};
		FE248999229CDD5700928207 /* Device_Orientation */ = {
			isa = PBXGroup;
			children = (
				FE24899A229CDD5700928207 /* AppDelegate.h */,
				FE24899B229CDD5700928207 /* AppDelegate.m */,
				FE24899D229CDD5700928207 /* ViewController.h */,
				FE24899E229CDD5700928207 /* ViewController.m */,
				FE2489B6229CDEC400928207 /* TempViewController.h */,
				FE2489B7229CDEC400928207 /* TempViewController.m */,
				FE2489B9229CE17700928207 /* UIViewController+BarItemHandler.h */,
				FE2489BA229CE17700928207 /* UIViewController+BarItemHandler.m */,
				FE2489A0229CDD5700928207 /* Main.storyboard */,
				FE2489A3229CDD5800928207 /* Assets.xcassets */,
				FE2489A5229CDD5800928207 /* LaunchScreen.storyboard */,
				FE2489A8229CDD5800928207 /* Info.plist */,
				FE2489A9229CDD5800928207 /* main.m */,
			);
			path = Device_Orientation;
			sourceTree = "<group>";
		};
/* End PBXGroup section */

/* Begin PBXNativeTarget section */
		FE248996229CDD5700928207 /* Device_Orientation */ = {
			isa = PBXNativeTarget;
			buildConfigurationList = FE2489AD229CDD5800928207 /* Build configuration list for PBXNativeTarget "Device_Orientation" */;
			buildPhases = (
				FE248993229CDD5700928207 /* Sources */,
				FE248994229CDD5700928207 /* Frameworks */,
				FE248995229CDD5700928207 /* Resources */,
			);
			buildRules = (
			);
			dependencies = (
			);
			name = Device_Orientation;
			productName = Device_Orientation;
			productReference = FE248997229CDD5700928207 /* Device_Orientation.app */;
			productType = "com.apple.product-type.application";
		};
/* End PBXNativeTarget section */

/* Begin PBXProject section */
		FE24898F229CDD5600928207 /* Project object */ = {
			isa = PBXProject;
			attributes = {
				LastUpgradeCheck = 1010;
				ORGANIZATIONNAME = bairuitech;
				TargetAttributes = {
					FE248996229CDD5700928207 = {
						CreatedOnToolsVersion = 10.1;
					};
				};
			};
			buildConfigurationList = FE248992229CDD5700928207 /* Build configuration list for PBXProject "Device_Orientation" */;
			compatibilityVersion = "Xcode 9.3";
			developmentRegion = en;
			hasScannedForEncodings = 0;
			knownRegions = (
				en,
				Base,
			);
			mainGroup = FE24898E229CDD5600928207;
			productRefGroup = FE248998229CDD5700928207 /* Products */;
			projectDirPath = "";
			projectRoot = "";
			targets = (
				FE248996229CDD5700928207 /* Device_Orientation */,
			);
		};
/* End PBXProject section */

/* Begin PBXResourcesBuildPhase section */
		FE248995229CDD5700928207 /* Resources */ = {
			isa = PBXResourcesBuildPhase;
			buildActionMask = 2147483647;
			files = (
				FE2489A7229CDD5800928207 /* LaunchScreen.storyboard in Resources */,
				FE2489A4229CDD5800928207 /* Assets.xcassets in Resources */,
				FE2489A2229CDD5700928207 /* Main.storyboard in Resources */,
			);
			runOnlyForDeploymentPostprocessing = 0;
		};
/* End PBXResourcesBuildPhase section */

/* Begin PBXSourcesBuildPhase section */
		FE248993229CDD5700928207 /* Sources */ = {
			isa = PBXSourcesBuildPhase;
			buildActionMask = 2147483647;
			files = (
				FE24899F229CDD5700928207 /* ViewController.m in Sources */,
				FE2489B8229CDEC400928207 /* TempViewController.m in Sources */,
				FE2489AA229CDD5800928207 /* main.m in Sources */,
				FE2489BB229CE17700928207 /* UIViewController+BarItemHandler.m in Sources */,
				FE24899C229CDD5700928207 /* AppDelegate.m in Sources */,
			);
			runOnlyForDeploymentPostprocessing = 0;
		};
/* End PBXSourcesBuildPhase section */

/* Begin PBXVariantGroup section */
		FE2489A0229CDD5700928207 /* Main.storyboard */ = {
			isa = PBXVariantGroup;
			children = (
				FE2489A1229CDD5700928207 /* Base */,
			);
			name = Main.storyboard;
			sourceTree = "<group>";
		};
		FE2489A5229CDD5800928207 /* LaunchScreen.storyboard */ = {
			isa = PBXVariantGroup;
			children = (
				FE2489A6229CDD5800928207 /* Base */,
			);
			name = LaunchScreen.storyboard;
			sourceTree = "<group>";
		};
/* End PBXVariantGroup section */

/* Begin XCBuildConfiguration section */
		FE2489AB229CDD5800928207 /* Debug */ = {
			isa = XCBuildConfiguration;
			buildSettings = {
				ALWAYS_SEARCH_USER_PATHS = NO;
				CLANG_ANALYZER_NONNULL = YES;
				CLANG_ANALYZER_NUMBER_OBJECT_CONVERSION = YES_AGGRESSIVE;
				CLANG_CXX_LANGUAGE_STANDARD = "gnu++14";
				CLANG_CXX_LIBRARY = "libc++";
				CLANG_ENABLE_MODULES = YES;
				CLANG_ENABLE_OBJC_ARC = YES;
				CLANG_ENABLE_OBJC_WEAK = YES;
				CLANG_WARN_BLOCK_CAPTURE_AUTORELEASING = YES;
				CLANG_WARN_BOOL_CONVERSION = YES;
				CLANG_WARN_COMMA = YES;
				CLANG_WARN_CONSTANT_CONVERSION = YES;
				CLANG_WARN_DEPRECATED_OBJC_IMPLEMENTATIONS = YES;
				CLANG_WARN_DIRECT_OBJC_ISA_USAGE = YES_ERROR;
				CLANG_WARN_DOCUMENTATION_COMMENTS = YES;
				CLANG_WARN_EMPTY_BODY = YES;
				CLANG_WARN_ENUM_CONVERSION = YES;
				CLANG_WARN_INFINITE_RECURSION = YES;
				CLANG_WARN_INT_CONVERSION = YES;
				CLANG_WARN_NON_LITERAL_NULL_CONVERSION = YES;
				CLANG_WARN_OBJC_IMPLICIT_RETAIN_SELF = YES;
				CLANG_WARN_OBJC_LITERAL_CONVERSION = YES;
				CLANG_WARN_OBJC_ROOT_CLASS = YES_ERROR;
				CLANG_WARN_RANGE_LOOP_ANALYSIS = YES;
				CLANG_WARN_STRICT_PROTOTYPES = YES;
				CLANG_WARN_SUSPICIOUS_MOVE = YES;
				CLANG_WARN_UNGUARDED_AVAILABILITY = YES_AGGRESSIVE;
				CLANG_WARN_UNREACHABLE_CODE = YES;
				CLANG_WARN__DUPLICATE_METHOD_MATCH = YES;
				CODE_SIGN_IDENTITY = "iPhone Developer";
				COPY_PHASE_STRIP = NO;
				DEBUG_INFORMATION_FORMAT = dwarf;
				ENABLE_STRICT_OBJC_MSGSEND = YES;
				ENABLE_TESTABILITY = YES;
				GCC_C_LANGUAGE_STANDARD = gnu11;
				GCC_DYNAMIC_NO_PIC = NO;
				GCC_NO_COMMON_BLOCKS = YES;
				GCC_OPTIMIZATION_LEVEL = 0;
				GCC_PREPROCESSOR_DEFINITIONS = (
					"DEBUG=1",
					"$(inherited)",
				);
				GCC_WARN_64_TO_32_BIT_CONVERSION = YES;
				GCC_WARN_ABOUT_RETURN_TYPE = YES_ERROR;
				GCC_WARN_UNDECLARED_SELECTOR = YES;
				GCC_WARN_UNINITIALIZED_AUTOS = YES_AGGRESSIVE;
				GCC_WARN_UNUSED_FUNCTION = YES;
				GCC_WARN_UNUSED_VARIABLE = YES;
				IPHONEOS_DEPLOYMENT_TARGET = 12.1;
				MTL_ENABLE_DEBUG_INFO = INCLUDE_SOURCE;
				MTL_FAST_MATH = YES;
				ONLY_ACTIVE_ARCH = YES;
				SDKROOT = iphoneos;
			};
			name = Debug;
		};
		FE2489AC229CDD5800928207 /* Release */ = {
			isa = XCBuildConfiguration;
			buildSettings = {
				ALWAYS_SEARCH_USER_PATHS = NO;
				CLANG_ANALYZER_NONNULL = YES;
				CLANG_ANALYZER_NUMBER_OBJECT_CONVERSION = YES_AGGRESSIVE;
				CLANG_CXX_LANGUAGE_STANDARD = "gnu++14";
				CLANG_CXX_LIBRARY = "libc++";
				CLANG_ENABLE_MODULES = YES;
				CLANG_ENABLE_OBJC_ARC = YES;
				CLANG_ENABLE_OBJC_WEAK = YES;
				CLANG_WARN_BLOCK_CAPTURE_AUTORELEASING = YES;
				CLANG_WARN_BOOL_CONVERSION = YES;
				CLANG_WARN_COMMA = YES;
				CLANG_WARN_CONSTANT_CONVERSION = YES;
				CLANG_WARN_DEPRECATED_OBJC_IMPLEMENTATIONS = YES;
				CLANG_WARN_DIRECT_OBJC_ISA_USAGE = YES_ERROR;
				CLANG_WARN_DOCUMENTATION_COMMENTS = YES;
				CLANG_WARN_EMPTY_BODY = YES;
				CLANG_WARN_ENUM_CONVERSION = YES;
				CLANG_WARN_INFINITE_RECURSION = YES;
				CLANG_WARN_INT_CONVERSION = YES;
				CLANG_WARN_NON_LITERAL_NULL_CONVERSION = YES;
				CLANG_WARN_OBJC_IMPLICIT_RETAIN_SELF = YES;
				CLANG_WARN_OBJC_LITERAL_CONVERSION = YES;
				CLANG_WARN_OBJC_ROOT_CLASS = YES_ERROR;
				CLANG_WARN_RANGE_LOOP_ANALYSIS = YES;
				CLANG_WARN_STRICT_PROTOTYPES = YES;
				CLANG_WARN_SUSPICIOUS_MOVE = YES;
				CLANG_WARN_UNGUARDED_AVAILABILITY = YES_AGGRESSIVE;
				CLANG_WARN_UNREACHABLE_CODE = YES;
				CLANG_WARN__DUPLICATE_METHOD_MATCH = YES;
				CODE_SIGN_IDENTITY = "iPhone Developer";
				COPY_PHASE_STRIP = NO;
				DEBUG_INFORMATION_FORMAT = "dwarf-with-dsym";
				ENABLE_NS_ASSERTIONS = NO;
				ENABLE_STRICT_OBJC_MSGSEND = YES;
				GCC_C_LANGUAGE_STANDARD = gnu11;
				GCC_NO_COMMON_BLOCKS = YES;
				GCC_WARN_64_TO_32_BIT_CONVERSION = YES;
				GCC_WARN_ABOUT_RETURN_TYPE = YES_ERROR;
				GCC_WARN_UNDECLARED_SELECTOR = YES;
				GCC_WARN_UNINITIALIZED_AUTOS = YES_AGGRESSIVE;
				GCC_WARN_UNUSED_FUNCTION = YES;
				GCC_WARN_UNUSED_VARIABLE = YES;
				IPHONEOS_DEPLOYMENT_TARGET = 12.1;
				MTL_ENABLE_DEBUG_INFO = NO;
				MTL_FAST_MATH = YES;
				SDKROOT = iphoneos;
				VALIDATE_PRODUCT = YES;
			};
			name = Release;
		};
		FE2489AE229CDD5800928207 /* Debug */ = {
			isa = XCBuildConfiguration;
			buildSettings = {
				ASSETCATALOG_COMPILER_APPICON_NAME = AppIcon;
				CODE_SIGN_STYLE = Automatic;
				DEVELOPMENT_TEAM = "";
				INFOPLIST_FILE = Device_Orientation/Info.plist;
				IPHONEOS_DEPLOYMENT_TARGET = 10.0;
				LD_RUNPATH_SEARCH_PATHS = (
					"$(inherited)",
					"@executable_path/Frameworks",
				);
				PRODUCT_BUNDLE_IDENTIFIER = "com.Device-Orientation";
				PRODUCT_NAME = "$(TARGET_NAME)";
				TARGETED_DEVICE_FAMILY = "1,2";
			};
			name = Debug;
		};
		FE2489AF229CDD5800928207 /* Release */ = {
			isa = XCBuildConfiguration;
			buildSettings = {
				ASSETCATALOG_COMPILER_APPICON_NAME = AppIcon;
				CODE_SIGN_STYLE = Automatic;
				DEVELOPMENT_TEAM = "";
				INFOPLIST_FILE = Device_Orientation/Info.plist;
				IPHONEOS_DEPLOYMENT_TARGET = 10.0;
				LD_RUNPATH_SEARCH_PATHS = (
					"$(inherited)",
					"@executable_path/Frameworks",
				);
				PRODUCT_BUNDLE_IDENTIFIER = "com.Device-Orientation";
				PRODUCT_NAME = "$(TARGET_NAME)";
				TARGETED_DEVICE_FAMILY = "1,2";
			};
			name = Release;
		};
/* End XCBuildConfiguration section */

/* Begin XCConfigurationList section */
		FE248992229CDD5700928207 /* Build configuration list for PBXProject "Device_Orientation" */ = {
			isa = XCConfigurationList;
			buildConfigurations = (
				FE2489AB229CDD5800928207 /* Debug */,
				FE2489AC229CDD5800928207 /* Release */,
			);
			defaultConfigurationIsVisible = 0;
			defaultConfigurationName = Release;
		};
		FE2489AD229CDD5800928207 /* Build configuration list for PBXNativeTarget "Device_Orientation" */ = {
			isa = XCConfigurationList;
			buildConfigurations = (
				FE2489AE229CDD5800928207 /* Debug */,
				FE2489AF229CDD5800928207 /* Release */,
			);
			defaultConfigurationIsVisible = 0;
			defaultConfigurationName = Release;
		};
/* End XCConfigurationList section */
	};
	rootObject = FE24898F229CDD5600928207 /* Project object */;
}
